{
  "name": "DGE-toolkit",
  "lockfileVersion": 3,
  "requires": true,
  "packages": {
    "": {
      "dependencies": {
        "@unlaxer/dge-toolkit": "^3.3.1"
      }
    },
    "node_modules/@unlaxer/dge-toolkit": {
      "version": "3.3.1",
      "resolved": "https://registry.npmjs.org/@unlaxer/dge-toolkit/-/dge-toolkit-3.3.1.tgz",
      "integrity": "sha512-DwgRrTk14FMIXKQSSrsz47PJal9kigHPwhe6s0Qt7Ykj1tv03nt/Yser3nYYfD3lRy13vX8Q58G5C+JJg2kRZA==",
      "hasInstallScript": true,
      "license": "MIT",
      "bin": {
        "dge-install": "install.sh",
        "dge-tool": "bin/dge-tool.js",
        "dge-update": "update.sh"
      }
    }
  }
}
